<Solution>
  <Folder Name="/DAY_1/">
    <Project Path="Program_1/Program_1.csproj" />
    <Project Path="Program_2/Program_2.csproj" />
    <Project Path="Program_3/Program_3.csproj" />
    <Project Path="Program_4/Program_4.csproj" />
    <Project Path="P{rogram_5/P{rogram_5.csproj" />
  </Folder>
  <Folder Name="/DAY_2/">
    <Project Path="Day2_Programs/Day2_Programs.csproj" Id="5f249556-7457-4a94-a086-e00a267d8373" />
  </Folder>
  <Project Path="../../Assignment1/LibraryManagementSystem/LibraryManagementSystem.csproj" Id="2c8c4576-58a4-495d-9eaa-2825fa5c86be" />
  <Project Path="../Calculator_App/Calculator_App/Calculator_App.csproj" />
  <Project Path="../Calculator_App/TestProject1/TestProject1.csproj" />
  <Project Path="BankAccountManagementSystem-DAY3/BankAccountManagementSystem-DAY3.csproj" Id="46356007-a975-4aae-8ff9-9b8fba6a4775" />
  <Project Path="DAY_3/DAY_3.csproj" Id="411e8e8c-cef8-45a4-9ab6-ae9735e9476a" />
  <Project Path="DAY_4/DAY_4.csproj" Id="c467c3a4-5ce6-4178-b0f2-3b288b53b01b" />
  <Project Path="DAY_5/DAY_5.csproj" Id="cdbfa314-7416-49ac-a8df-82e9ca3ef4e4" />
  <Project Path="DAY_6/DAY_6.csproj" Id="f548d1b4-9dd3-4c29-b609-44238b692548" />
  <Project Path="DAY_7/DAY_7.csproj" Id="dc9331df-daf8-45ee-b8d1-c2563ccac8e3" />
  <Project Path="DAY_8/DAY_8.csproj" Id="8b54cd5f-1ad4-446c-9807-0ba614d67543" />
  <Project Path="UnitTesting_CalculatorApp/DAY_9.csproj" Id="d003e010-deb0-41c4-b314-8301b9b70cdd" />
</Solution>
